// !$*UTF8*$!
{
	archiveVersion = 1;
	classes = {
	};
	objectVersion = 50;
	objects = {

/* Begin PBXBuildFile section */
		B3322DC62479F0F800796474 /* AppDelegate.swift in Sources */ = {isa = PBXBuildFile; fileRef = B3322DC52479F0F800796474 /* AppDelegate.swift */; };
		B3322DC82479F0F800796474 /* SceneDelegate.swift in Sources */ = {isa = PBXBuildFile; fileRef = B3322DC72479F0F800796474 /* SceneDelegate.swift */; };
		B3322DCA2479F0F800796474 /* ViewController.swift in Sources */ = {isa = PBXBuildFile; fileRef = B3322DC92479F0F800796474 /* ViewController.swift */; };
		B3322DCD2479F0F800796474 /* Main.storyboard in Resources */ = {isa = PBXBuildFile; fileRef = B3322DCB2479F0F800796474 /* Main.storyboard */; };
		B3322DCF2479F0FD00796474 /* Assets.xcassets in Resources */ = {isa = PBXBuildFile; fileRef = B3322DCE2479F0FD00796474 /* Assets.xcassets */; };
		B3322DD22479F0FD00796474 /* LaunchScreen.storyboard in Resources */ = {isa = PBXBuildFile; fileRef = B3322DD02479F0FD00796474 /* LaunchScreen.storyboard */; };
		B3322DDD2479F0FE00796474 /* ResponsiveTests.swift in Sources */ = {isa = PBXBuildFile; fileRef = B3322DDC2479F0FE00796474 /* ResponsiveTests.swift */; };
/* End PBXBuildFile section */

/* Begin PBXContainerItemProxy section */
		B3322DD92479F0FE00796474 /* PBXContainerItemProxy */ = {
			isa = PBXContainerItemProxy;
			containerPortal = B3322DBA2479F0F800796474 /* Project object */;
			proxyType = 1;
			remoteGlobalIDString = B3322DC12479F0F800796474;
			remoteInfo = Responsive;
		};
/* End PBXContainerItemProxy section */

/* Begin PBXFileReference section */
		B3322DC22479F0F800796474 /* Responsive.app */ = {isa = PBXFileReference; explicitFileType = wrapper.application; includeInIndex = 0; path = Responsive.app; sourceTree = BUILT_PRODUCTS_DIR; };
		B3322DC52479F0F800796474 /* AppDelegate.swift */ = {isa = PBXFileReference; lastKnownFileType = sourcecode.swift; path = AppDelegate.swift; sourceTree = "<group>"; };
		B3322DC72479F0F800796474 /* SceneDelegate.swift */ = {isa = PBXFileReference; lastKnownFileType = sourcecode.swift; path = SceneDelegate.swift; sourceTree = "<group>"; };
		B3322DC92479F0F800796474 /* ViewController.swift */ = {isa = PBXFileReference; lastKnownFileType = sourcecode.swift; path = ViewController.swift; sourceTree = "<group>"; };
		B3322DCC2479F0F800796474 /* Base */ = {isa = PBXFileReference; lastKnownFileType = file.storyboard; name = Base; path = Base.lproj/Main.storyboard; sourceTree = "<group>"; };
		B3322DCE2479F0FD00796474 /* Assets.xcassets */ = {isa = PBXFileReference; lastKnownFileType = folder.assetcatalog; path = Assets.xcassets; sourceTree = "<group>"; };
		B3322DD12479F0FD00796474 /* Base */ = {isa = PBXFileReference; lastKnownFileType = file.storyboard; name = Base; path = Base.lproj/LaunchScreen.storyboard; sourceTree = "<group>"; };
		B3322DD32479F0FD00796474 /* Info.plist */ = {isa = PBXFileReference; lastKnownFileType = text.plist.xml; path = Info.plist; sourceTree = "<group>"; };
		B3322DD82479F0FE00796474 /* ResponsiveTests.xctest */ = {isa = PBXFileReference; explicitFileType = wrapper.cfbundle; includeInIndex = 0; path = ResponsiveTests.xctest; sourceTree = BUILT_PRODUCTS_DIR; };
		B3322DDC2479F0FE00796474 /* ResponsiveTests.swift */ = {isa = PBXFileReference; lastKnownFileType = sourcecode.swift; path = ResponsiveTests.swift; sourceTree = "<group>"; };
		B3322DDE2479F0FE00796474 /* Info.plist */ = {isa = PBXFileReference; lastKnownFileType = text.plist.xml; path = Info.plist; sourceTree = "<group>"; };
/* End PBXFileReference section */

/* Begin PBXFrameworksBuildPhase section */
		B3322DBF2479F0F800796474 /* Frameworks */ = {
			isa = PBXFrameworksBuildPhase;
			buildActionMask = 2147483647;
			files = (
			);
			runOnlyForDeploymentPostprocessing = 0;
		};
		B3322DD52479F0FE00796474 /* Frameworks */ = {
			isa = PBXFrameworksBuildPhase;
			buildActionMask = 2147483647;
			files = (
			);
			runOnlyForDeploymentPostprocessing = 0;
		};
/* End PBXFrameworksBuildPhase section */

/* Begin PBXGroup section */
		B3322DB92479F0F800796474 = {
			isa = PBXGroup;
			children = (
				B3322DC42479F0F800796474 /* Responsive */,
				B3322DDB2479F0FE00796474 /* ResponsiveTests */,
				B3322DC32479F0F800796474 /* Products */,
			);
			sourceTree = "<group>";
		};
		B3322DC32479F0F800796474 /* Products */ = {
			isa = PBXGroup;
			children = (
				B3322DC22479F0F800796474 /* Responsive.app */,
				B3322DD82479F0FE00796474 /* ResponsiveTests.xctest */,
			);
			name = Products;
			sourceTree = "<group>";
		};
		B3322DC42479F0F800796474 /* Responsive */ = {
			isa = PBXGroup;
			children = (
				B3322DC52479F0F800796474 /* AppDelegate.swift */,
				B3322DC72479F0F800796474 /* SceneDelegate.swift */,
				B3322DC92479F0F800796474 /* ViewController.swift */,
				B3322DCB2479F0F800796474 /* Main.storyboard */,
				B3322DCE2479F0FD00796474 /* Assets.xcassets */,
				B3322DD02479F0FD00796474 /* LaunchScreen.storyboard */,
				B3322DD32479F0FD00796474 /* Info.plist */,
			);
			path = Responsive;
			sourceTree = "<group>";
		};
		B3322DDB2479F0FE00796474 /* ResponsiveTests */ = {
			isa = PBXGroup;
			children = (
				B3322DDC2479F0FE00796474 /* ResponsiveTests.swift */,
				B3322DDE2479F0FE00796474 /* Info.plist */,
			);
			path = ResponsiveTests;
			sourceTree = "<group>";
		};
/* End PBXGroup section */

/* Begin PBXNativeTarget section */
		B3322DC12479F0F800796474 /* Responsive */ = {
			isa = PBXNativeTarget;
			buildConfigurationList = B3322DE12479F0FE00796474 /* Build configuration list for PBXNativeTarget "Responsive" */;
			buildPhases = (
				B3322DBE2479F0F800796474 /* Sources */,
				B3322DBF2479F0F800796474 /* Frameworks */,
				B3322DC02479F0F800796474 /* Resources */,
			);
			buildRules = (
			);
			dependencies = (
			);
			name = Responsive;
			productName = Responsive;
			productReference = B3322DC22479F0F800796474 /* Responsive.app */;
			productType = "com.apple.product-type.application";
		};
		B3322DD72479F0FE00796474 /* ResponsiveTests */ = {
			isa = PBXNativeTarget;
			buildConfigurationList = B3322DE42479F0FE00796474 /* Build configuration list for PBXNativeTarget "ResponsiveTests" */;
			buildPhases = (
				B3322DD42479F0FE00796474 /* Sources */,
				B3322DD52479F0FE00796474 /* Frameworks */,
				B3322DD62479F0FE00796474 /* Resources */,
			);
			buildRules = (
			);
			dependencies = (
				B3322DDA2479F0FE00796474 /* PBXTargetDependency */,
			);
			name = ResponsiveTests;
			productName = ResponsiveTests;
			productReference = B3322DD82479F0FE00796474 /* ResponsiveTests.xctest */;
			productType = "com.apple.product-type.bundle.unit-test";
		};
/* End PBXNativeTarget section */

/* Begin PBXProject section */
		B3322DBA2479F0F800796474 /* Project object */ = {
			isa = PBXProject;
			attributes = {
				LastSwiftUpdateCheck = 1130;
				LastUpgradeCheck = 1130;
				ORGANIZATIONNAME = Unicamp;
				TargetAttributes = {
					B3322DC12479F0F800796474 = {
						CreatedOnToolsVersion = 11.3;
					};
					B3322DD72479F0FE00796474 = {
						CreatedOnToolsVersion = 11.3;
						TestTargetID = B3322DC12479F0F800796474;
					};
				};
			};
			buildConfigurationList = B3322DBD2479F0F800796474 /* Build configuration list for PBXProject "Responsive" */;
			compatibilityVersion = "Xcode 9.3";
			developmentRegion = en;
			hasScannedForEncodings = 0;
			knownRegions = (
				en,
				Base,
			);
			mainGroup = B3322DB92479F0F800796474;
			productRefGroup = B3322DC32479F0F800796474 /* Products */;
			projectDirPath = "";
			projectRoot = "";
			targets = (
				B3322DC12479F0F800796474 /* Responsive */,
				B3322DD72479F0FE00796474 /* ResponsiveTests */,
			);
		};
/* End PBXProject section */

/* Begin PBXResourcesBuildPhase section */
		B3322DC02479F0F800796474 /* Resources */ = {
			isa = PBXResourcesBuildPhase;
			buildActionMask = 2147483647;
			files = (
				B3322DD22479F0FD00796474 /* LaunchScreen.storyboard in Resources */,
				B3322DCF2479F0FD00796474 /* Assets.xcassets in Resources */,
				B3322DCD2479F0F800796474 /* Main.storyboard in Resources */,
			);
			runOnlyForDeploymentPostprocessing = 0;
		};
		B3322DD62479F0FE00796474 /* Resources */ = {
			isa = PBXResourcesBuildPhase;
			buildActionMask = 2147483647;
			files = (
			);
			runOnlyForDeploymentPostprocessing = 0;
		};
/* End PBXResourcesBuildPhase section */

/* Begin PBXSourcesBuildPhase section */
		B3322DBE2479F0F800796474 /* Sources */ = {
			isa = PBXSourcesBuildPhase;
			buildActionMask = 2147483647;
			files = (
				B3322DCA2479F0F800796474 /* ViewController.swift in Sources */,
				B3322DC62479F0F800796474 /* AppDelegate.swift in Sources */,
				B3322DC82479F0F800796474 /* SceneDelegate.swift in Sources */,
			);
			runOnlyForDeploymentPostprocessing = 0;
		};
		B3322DD42479F0FE00796474 /* Sources */ = {
			isa = PBXSourcesBuildPhase;
			buildActionMask = 2147483647;
			files = (
				B3322DDD2479F0FE00796474 /* ResponsiveTests.swift in Sources */,
			);
			runOnlyForDeploymentPostprocessing = 0;
		};
/* End PBXSourcesBuildPhase section */

/* Begin PBXTargetDependency section */
		B3322DDA2479F0FE00796474 /* PBXTargetDependency */ = {
			isa = PBXTargetDependency;
			target = B3322DC12479F0F800796474 /* Responsive */;
			targetProxy = B3322DD92479F0FE00796474 /* PBXContainerItemProxy */;
		};
/* End PBXTargetDependency section */

/* Begin PBXVariantGroup section */
		B3322DCB2479F0F800796474 /* Main.storyboard */ = {
			isa = PBXVariantGroup;
			children = (
				B3322DCC2479F0F800796474 /* Base */,
			);
			name = Main.storyboard;
			sourceTree = "<group>";
		};
		B3322DD02479F0FD00796474 /* LaunchScreen.storyboard */ = {
			isa = PBXVariantGroup;
			children = (
				B3322DD12479F0FD00796474 /* Base */,
			);
			name = LaunchScreen.storyboard;
			sourceTree = "<group>";
		};
/* End PBXVariantGroup section */

/* Begin XCBuildConfiguration section */
		B3322DDF2479F0FE00796474 /* Debug */ = {
			isa = XCBuildConfiguration;
			buildSettings = {
				ALWAYS_SEARCH_USER_PATHS = NO;
				CLANG_ANALYZER_NONNULL = YES;
				CLANG_ANALYZER_NUMBER_OBJECT_CONVERSION = YES_AGGRESSIVE;
				CLANG_CXX_LANGUAGE_STANDARD = "gnu++14";
				CLANG_CXX_LIBRARY = "libc++";
				CLANG_ENABLE_MODULES = YES;
				CLANG_ENABLE_OBJC_ARC = YES;
				CLANG_ENABLE_OBJC_WEAK = YES;
				CLANG_WARN_BLOCK_CAPTURE_AUTORELEASING = YES;
				CLANG_WARN_BOOL_CONVERSION = YES;
				CLANG_WARN_COMMA = YES;
				CLANG_WARN_CONSTANT_CONVERSION = YES;
				CLANG_WARN_DEPRECATED_OBJC_IMPLEMENTATIONS = YES;
				CLANG_WARN_DIRECT_OBJC_ISA_USAGE = YES_ERROR;
				CLANG_WARN_DOCUMENTATION_COMMENTS = YES;
				CLANG_WARN_EMPTY_BODY = YES;
				CLANG_WARN_ENUM_CONVERSION = YES;
				CLANG_WARN_INFINITE_RECURSION = YES;
				CLANG_WARN_INT_CONVERSION = YES;
				CLANG_WARN_NON_LITERAL_NULL_CONVERSION = YES;
				CLANG_WARN_OBJC_IMPLICIT_RETAIN_SELF = YES;
				CLANG_WARN_OBJC_LITERAL_CONVERSION = YES;
				CLANG_WARN_OBJC_ROOT_CLASS = YES_ERROR;
				CLANG_WARN_RANGE_LOOP_ANALYSIS = YES;
				CLANG_WARN_STRICT_PROTOTYPES = YES;
				CLANG_WARN_SUSPICIOUS_MOVE = YES;
				CLANG_WARN_UNGUARDED_AVAILABILITY = YES_AGGRESSIVE;
				CLANG_WARN_UNREACHABLE_CODE = YES;
				CLANG_WARN__DUPLICATE_METHOD_MATCH = YES;
				COPY_PHASE_STRIP = NO;
				DEBUG_INFORMATION_FORMAT = dwarf;
				ENABLE_STRICT_OBJC_MSGSEND = YES;
				ENABLE_TESTABILITY = YES;
				GCC_C_LANGUAGE_STANDARD = gnu11;
				GCC_DYNAMIC_NO_PIC = NO;
				GCC_NO_COMMON_BLOCKS = YES;
				GCC_OPTIMIZATION_LEVEL = 0;
				GCC_PREPROCESSOR_DEFINITIONS = (
					"DEBUG=1",
					"$(inherited)",
				);
				GCC_WARN_64_TO_32_BIT_CONVERSION = YES;
				GCC_WARN_ABOUT_RETURN_TYPE = YES_ERROR;
				GCC_WARN_UNDECLARED_SELECTOR = YES;
				GCC_WARN_UNINITIALIZED_AUTOS = YES_AGGRESSIVE;
				GCC_WARN_UNUSED_FUNCTION = YES;
				GCC_WARN_UNUSED_VARIABLE = YES;
				IPHONEOS_DEPLOYMENT_TARGET = 13.2;
				MTL_ENABLE_DEBUG_INFO = INCLUDE_SOURCE;
				MTL_FAST_MATH = YES;
				ONLY_ACTIVE_ARCH = YES;
				SDKROOT = iphoneos;
				SWIFT_ACTIVE_COMPILATION_CONDITIONS = DEBUG;
				SWIFT_OPTIMIZATION_LEVEL = "-Onone";
			};
			name = Debug;
		};
		B3322DE02479F0FE00796474 /* Release */ = {
			isa = XCBuildConfiguration;
			buildSettings = {
				ALWAYS_SEARCH_USER_PATHS = NO;
				CLANG_ANALYZER_NONNULL = YES;
				CLANG_ANALYZER_NUMBER_OBJECT_CONVERSION = YES_AGGRESSIVE;
				CLANG_CXX_LANGUAGE_STANDARD = "gnu++14";
				CLANG_CXX_LIBRARY = "libc++";
				CLANG_ENABLE_MODULES = YES;
				CLANG_ENABLE_OBJC_ARC = YES;
				CLANG_ENABLE_OBJC_WEAK = YES;
				CLANG_WARN_BLOCK_CAPTURE_AUTORELEASING = YES;
				CLANG_WARN_BOOL_CONVERSION = YES;
				CLANG_WARN_COMMA = YES;
				CLANG_WARN_CONSTANT_CONVERSION = YES;
				CLANG_WARN_DEPRECATED_OBJC_IMPLEMENTATIONS = YES;
				CLANG_WARN_DIRECT_OBJC_ISA_USAGE = YES_ERROR;
				CLANG_WARN_DOCUMENTATION_COMMENTS = YES;
				CLANG_WARN_EMPTY_BODY = YES;
				CLANG_WARN_ENUM_CONVERSION = YES;
				CLANG_WARN_INFINITE_RECURSION = YES;
				CLANG_WARN_INT_CONVERSION = YES;
				CLANG_WARN_NON_LITERAL_NULL_CONVERSION = YES;
				CLANG_WARN_OBJC_IMPLICIT_RETAIN_SELF = YES;
				CLANG_WARN_OBJC_LITERAL_CONVERSION = YES;
				CLANG_WARN_OBJC_ROOT_CLASS = YES_ERROR;
				CLANG_WARN_RANGE_LOOP_ANALYSIS = YES;
				CLANG_WARN_STRICT_PROTOTYPES = YES;
				CLANG_WARN_SUSPICIOUS_MOVE = YES;
				CLANG_WARN_UNGUARDED_AVAILABILITY = YES_AGGRESSIVE;
				CLANG_WARN_UNREACHABLE_CODE = YES;
				CLANG_WARN__DUPLICATE_METHOD_MATCH = YES;
				COPY_PHASE_STRIP = NO;
				DEBUG_INFORMATION_FORMAT = "dwarf-with-dsym";
				ENABLE_NS_ASSERTIONS = NO;
				ENABLE_STRICT_OBJC_MSGSEND = YES;
				GCC_C_LANGUAGE_STANDARD = gnu11;
				GCC_NO_COMMON_BLOCKS = YES;
				GCC_WARN_64_TO_32_BIT_CONVERSION = YES;
				GCC_WARN_ABOUT_RETURN_TYPE = YES_ERROR;
				GCC_WARN_UNDECLARED_SELECTOR = YES;
				GCC_WARN_UNINITIALIZED_AUTOS = YES_AGGRESSIVE;
				GCC_WARN_UNUSED_FUNCTION = YES;
				GCC_WARN_UNUSED_VARIABLE = YES;
				IPHONEOS_DEPLOYMENT_TARGET = 13.2;
				MTL_ENABLE_DEBUG_INFO = NO;
				MTL_FAST_MATH = YES;
				SDKROOT = iphoneos;
				SWIFT_COMPILATION_MODE = wholemodule;
				SWIFT_OPTIMIZATION_LEVEL = "-O";
				VALIDATE_PRODUCT = YES;
			};
			name = Release;
		};
		B3322DE22479F0FE00796474 /* Debug */ = {
			isa = XCBuildConfiguration;
			buildSettings = {
				ASSETCATALOG_COMPILER_APPICON_NAME = AppIcon;
				CODE_SIGN_STYLE = Automatic;
				DEVELOPMENT_TEAM = 8Q86GGRUX8;
				INFOPLIST_FILE = Responsive/Info.plist;
				LD_RUNPATH_SEARCH_PATHS = (
					"$(inherited)",
					"@executable_path/Frameworks",
				);
				MARKETING_VERSION = 0.1.0;
				PRODUCT_BUNDLE_IDENTIFIER = br.com.unicamp.Responsive;
				PRODUCT_NAME = "$(TARGET_NAME)";
				SWIFT_VERSION = 5.0;
				TARGETED_DEVICE_FAMILY = "1,2";
			};
			name = Debug;
		};
		B3322DE32479F0FE00796474 /* Release */ = {
			isa = XCBuildConfiguration;
			buildSettings = {
				ASSETCATALOG_COMPILER_APPICON_NAME = AppIcon;
				CODE_SIGN_STYLE = Automatic;
				DEVELOPMENT_TEAM = 8Q86GGRUX8;
				INFOPLIST_FILE = Responsive/Info.plist;
				LD_RUNPATH_SEARCH_PATHS = (
					"$(inherited)",
					"@executable_path/Frameworks",
				);
				MARKETING_VERSION = 0.1.0;
				PRODUCT_BUNDLE_IDENTIFIER = br.com.unicamp.Responsive;
				PRODUCT_NAME = "$(TARGET_NAME)";
				SWIFT_VERSION = 5.0;
				TARGETED_DEVICE_FAMILY = "1,2";
			};
			name = Release;
		};
		B3322DE52479F0FE00796474 /* Debug */ = {
			isa = XCBuildConfiguration;
			buildSettings = {
				ALWAYS_EMBED_SWIFT_STANDARD_LIBRARIES = YES;
				BUNDLE_LOADER = "$(TEST_HOST)";
				CODE_SIGN_STYLE = Automatic;
				DEVELOPMENT_TEAM = 8Q86GGRUX8;
				INFOPLIST_FILE = ResponsiveTests/Info.plist;
				IPHONEOS_DEPLOYMENT_TARGET = 13.2;
				LD_RUNPATH_SEARCH_PATHS = (
					"$(inherited)",
					"@executable_path/Frameworks",
					"@loader_path/Frameworks",
				);
				PRODUCT_BUNDLE_IDENTIFIER = br.com.unicamp.ResponsiveTests;
				PRODUCT_NAME = "$(TARGET_NAME)";
				SWIFT_VERSION = 5.0;
				TARGETED_DEVICE_FAMILY = "1,2";
				TEST_HOST = "$(BUILT_PRODUCTS_DIR)/Responsive.app/Responsive";
			};
			name = Debug;
		};
		B3322DE62479F0FE00796474 /* Release */ = {
			isa = XCBuildConfiguration;
			buildSettings = {
				ALWAYS_EMBED_SWIFT_STANDARD_LIBRARIES = YES;
				BUNDLE_LOADER = "$(TEST_HOST)";
				CODE_SIGN_STYLE = Automatic;
				DEVELOPMENT_TEAM = 8Q86GGRUX8;
				INFOPLIST_FILE = ResponsiveTests/Info.plist;
				IPHONEOS_DEPLOYMENT_TARGET = 13.2;
				LD_RUNPATH_SEARCH_PATHS = (
					"$(inherited)",
					"@executable_path/Frameworks",
					"@loader_path/Frameworks",
				);
				PRODUCT_BUNDLE_IDENTIFIER = br.com.unicamp.ResponsiveTests;
				PRODUCT_NAME = "$(TARGET_NAME)";
				SWIFT_VERSION = 5.0;
				TARGETED_DEVICE_FAMILY = "1,2";
				TEST_HOST = "$(BUILT_PRODUCTS_DIR)/Responsive.app/Responsive";
			};
			name = Release;
		};
/* End XCBuildConfiguration section */

/* Begin XCConfigurationList section */
		B3322DBD2479F0F800796474 /* Build configuration list for PBXProject "Responsive" */ = {
			isa = XCConfigurationList;
			buildConfigurations = (
				B3322DDF2479F0FE00796474 /* Debug */,
				B3322DE02479F0FE00796474 /* Release */,
			);
			defaultConfigurationIsVisible = 0;
			defaultConfigurationName = Release;
		};
		B3322DE12479F0FE00796474 /* Build configuration list for PBXNativeTarget "Responsive" */ = {
			isa = XCConfigurationList;
			buildConfigurations = (
				B3322DE22479F0FE00796474 /* Debug */,
				B3322DE32479F0FE00796474 /* Release */,
			);
			defaultConfigurationIsVisible = 0;
			defaultConfigurationName = Release;
		};
		B3322DE42479F0FE00796474 /* Build configuration list for PBXNativeTarget "ResponsiveTests" */ = {
			isa = XCConfigurationList;
			buildConfigurations = (
				B3322DE52479F0FE00796474 /* Debug */,
				B3322DE62479F0FE00796474 /* Release */,
			);
			defaultConfigurationIsVisible = 0;
			defaultConfigurationName = Release;
		};
/* End XCConfigurationList section */
	};
	rootObject = B3322DBA2479F0F800796474 /* Project object */;
}
